
Microsoft Visual Studio Solution File, Format Version 12.00
Project("{FAE04EC0-301F-11D3-BF4B-00C04F79EFBC}") = "rdg-unity-input", "rdg-unity-input.csproj", "{75307501-5D3D-4A7A-8CA6-3C73880AF776}"
EndProject
Global
	GlobalSection(SolutionConfigurationPlatforms) = preSolution
		Debug|Any CPU = Debug|Any CPU
		Release|Any CPU = Release|Any CPU
	EndGlobalSection
	GlobalSection(ProjectConfigurationPlatforms) = postSolution
		{75307501-5D3D-4A7A-8CA6-3C73880AF776}.Debug|Any CPU.ActiveCfg = Debug|Any CPU
		{75307501-5D3D-4A7A-8CA6-3C73880AF776}.Debug|Any CPU.Build.0 = Debug|Any CPU
		{75307501-5D3D-4A7A-8CA6-3C73880AF776}.Release|Any CPU.ActiveCfg = Release|Any CPU
		{75307501-5D3D-4A7A-8CA6-3C73880AF776}.Release|Any CPU.Build.0 = Release|Any CPU
	EndGlobalSection
EndGlobal
